
Microsoft Visual Studio Solution File, Format Version 12.00
# Visual Studio Version 17
VisualStudioVersion = 17.0.31903.59
MinimumVisualStudioVersion = 10.0.40219.1
Project("{FAE04EC0-301F-11D3-BF4B-00C04F79EFBC}") = "FastFoodX.Web", "FastFoodX.Web\FastFoodX.Web.csproj", "{211FBF33-8C64-4254-A04A-193812781B86}"
EndProject
Project("{FAE04EC0-301F-11D3-BF4B-00C04F79EFBC}") = "FastFoodX.API", "FastFoodX.API\FastFoodX.API.csproj", "{A134DC91-7A62-4F6E-A257-451F2D8A7113}"
EndProject
Project("{FAE04EC0-301F-11D3-BF4B-00C04F79EFBC}") = "FastFoodX.Core", "FastFoodX.Core\FastFoodX.Core.csproj", "{37E8C370-27B8-4F0A-90D1-5FD3DC1A6A29}"
EndProject
Project("{FAE04EC0-301F-11D3-BF4B-00C04F79EFBC}") = "FastFoodX.Infrastructure", "FastFoodX.Infrastructure\FastFoodX.Infrastructure.csproj", "{4C62F8F4-3ED1-498F-9C75-9937279306CC}"
EndProject
Global
	GlobalSection(SolutionConfigurationPlatforms) = preSolution
		Debug|Any CPU = Debug|Any CPU
		Debug|x64 = Debug|x64
		Debug|x86 = Debug|x86
		Release|Any CPU = Release|Any CPU
		Release|x64 = Release|x64
		Release|x86 = Release|x86
	EndGlobalSection
	GlobalSection(ProjectConfigurationPlatforms) = postSolution
		{211FBF33-8C64-4254-A04A-193812781B86}.Debug|Any CPU.ActiveCfg = Debug|Any CPU
		{211FBF33-8C64-4254-A04A-193812781B86}.Debug|Any CPU.Build.0 = Debug|Any CPU
		{211FBF33-8C64-4254-A04A-193812781B86}.Debug|x64.ActiveCfg = Debug|Any CPU
		{211FBF33-8C64-4254-A04A-193812781B86}.Debug|x64.Build.0 = Debug|Any CPU
		{211FBF33-8C64-4254-A04A-193812781B86}.Debug|x86.ActiveCfg = Debug|Any CPU
		{211FBF33-8C64-4254-A04A-193812781B86}.Debug|x86.Build.0 = Debug|Any CPU
		{211FBF33-8C64-4254-A04A-193812781B86}.Release|Any CPU.ActiveCfg = Release|Any CPU
		{211FBF33-8C64-4254-A04A-193812781B86}.Release|Any CPU.Build.0 = Release|Any CPU
		{211FBF33-8C64-4254-A04A-193812781B86}.Release|x64.ActiveCfg = Release|Any CPU
		{211FBF33-8C64-4254-A04A-193812781B86}.Release|x64.Build.0 = Release|Any CPU
		{211FBF33-8C64-4254-A04A-193812781B86}.Release|x86.ActiveCfg = Release|Any CPU
		{211FBF33-8C64-4254-A04A-193812781B86}.Release|x86.Build.0 = Release|Any CPU
		{A134DC91-7A62-4F6E-A257-451F2D8A7113}.Debug|Any CPU.ActiveCfg = Debug|Any CPU
		{A134DC91-7A62-4F6E-A257-451F2D8A7113}.Debug|Any CPU.Build.0 = Debug|Any CPU
		{A134DC91-7A62-4F6E-A257-451F2D8A7113}.Debug|x64.ActiveCfg = Debug|Any CPU
		{A134DC91-7A62-4F6E-A257-451F2D8A7113}.Debug|x64.Build.0 = Debug|Any CPU
		{A134DC91-7A62-4F6E-A257-451F2D8A7113}.Debug|x86.ActiveCfg = Debug|Any CPU
		{A134DC91-7A62-4F6E-A257-451F2D8A7113}.Debug|x86.Build.0 = Debug|Any CPU
		{A134DC91-7A62-4F6E-A257-451F2D8A7113}.Release|Any CPU.ActiveCfg = Release|Any CPU
		{A134DC91-7A62-4F6E-A257-451F2D8A7113}.Release|Any CPU.Build.0 = Release|Any CPU
		{A134DC91-7A62-4F6E-A257-451F2D8A7113}.Release|x64.ActiveCfg = Release|Any CPU
		{A134DC91-7A62-4F6E-A257-451F2D8A7113}.Release|x64.Build.0 = Release|Any CPU
		{A134DC91-7A62-4F6E-A257-451F2D8A7113}.Release|x86.ActiveCfg = Release|Any CPU
		{A134DC91-7A62-4F6E-A257-451F2D8A7113}.Release|x86.Build.0 = Release|Any CPU
		{37E8C370-27B8-4F0A-90D1-5FD3DC1A6A29}.Debug|Any CPU.ActiveCfg = Debug|Any CPU
		{37E8C370-27B8-4F0A-90D1-5FD3DC1A6A29}.Debug|Any CPU.Build.0 = Debug|Any CPU
		{37E8C370-27B8-4F0A-90D1-5FD3DC1A6A29}.Debug|x64.ActiveCfg = Debug|Any CPU
		{37E8C370-27B8-4F0A-90D1-5FD3DC1A6A29}.Debug|x64.Build.0 = Debug|Any CPU
		{37E8C370-27B8-4F0A-90D1-5FD3DC1A6A29}.Debug|x86.ActiveCfg = Debug|Any CPU
		{37E8C370-27B8-4F0A-90D1-5FD3DC1A6A29}.Debug|x86.Build.0 = Debug|Any CPU
		{37E8C370-27B8-4F0A-90D1-5FD3DC1A6A29}.Release|Any CPU.ActiveCfg = Release|Any CPU
		{37E8C370-27B8-4F0A-90D1-5FD3DC1A6A29}.Release|Any CPU.Build.0 = Release|Any CPU
		{37E8C370-27B8-4F0A-90D1-5FD3DC1A6A29}.Release|x64.ActiveCfg = Release|Any CPU
		{37E8C370-27B8-4F0A-90D1-5FD3DC1A6A29}.Release|x64.Build.0 = Release|Any CPU
		{37E8C370-27B8-4F0A-90D1-5FD3DC1A6A29}.Release|x86.ActiveCfg = Release|Any CPU
		{37E8C370-27B8-4F0A-90D1-5FD3DC1A6A29}.Release|x86.Build.0 = Release|Any CPU
		{4C62F8F4-3ED1-498F-9C75-9937279306CC}.Debug|Any CPU.ActiveCfg = Debug|Any CPU
		{4C62F8F4-3ED1-498F-9C75-9937279306CC}.Debug|Any CPU.Build.0 = Debug|Any CPU
		{4C62F8F4-3ED1-498F-9C75-9937279306CC}.Debug|x64.ActiveCfg = Debug|Any CPU
		{4C62F8F4-3ED1-498F-9C75-9937279306CC}.Debug|x64.Build.0 = Debug|Any CPU
		{4C62F8F4-3ED1-498F-9C75-9937279306CC}.Debug|x86.ActiveCfg = Debug|Any CPU
		{4C62F8F4-3ED1-498F-9C75-9937279306CC}.Debug|x86.Build.0 = Debug|Any CPU
		{4C62F8F4-3ED1-498F-9C75-9937279306CC}.Release|Any CPU.ActiveCfg = Release|Any CPU
		{4C62F8F4-3ED1-498F-9C75-9937279306CC}.Release|Any CPU.Build.0 = Release|Any CPU
		{4C62F8F4-3ED1-498F-9C75-9937279306CC}.Release|x64.ActiveCfg = Release|Any CPU
		{4C62F8F4-3ED1-498F-9C75-9937279306CC}.Release|x64.Build.0 = Release|Any CPU
		{4C62F8F4-3ED1-498F-9C75-9937279306CC}.Release|x86.ActiveCfg = Release|Any CPU
		{4C62F8F4-3ED1-498F-9C75-9937279306CC}.Release|x86.Build.0 = Release|Any CPU
	EndGlobalSection
	GlobalSection(SolutionProperties) = preSolution
		HideSolutionNode = FALSE
	EndGlobalSection
EndGlobal
